
Microsoft Visual Studio Solution File, Format Version 12.00
# Visual Studio 15
VisualStudioVersion = 15.0.28010.2003
MinimumVisualStudioVersion = 10.0.40219.1
Project("{FAE04EC0-301F-11D3-BF4B-00C04F79EFBC}") = "Tender", "Tender\Tender.csproj", "{33231722-D516-4EF2-9F4A-9A6EF7357C5C}"
EndProject
Global
	GlobalSection(SolutionConfigurationPlatforms) = preSolution
		Debug|Any CPU = Debug|Any CPU
		Release|Any CPU = Release|Any CPU
	EndGlobalSection
	GlobalSection(ProjectConfigurationPlatforms) = postSolution
		{33231722-D516-4EF2-9F4A-9A6EF7357C5C}.Debug|Any CPU.ActiveCfg = Debug|Any CPU
		{33231722-D516-4EF2-9F4A-9A6EF7357C5C}.Debug|Any CPU.Build.0 = Debug|Any CPU
		{33231722-D516-4EF2-9F4A-9A6EF7357C5C}.Release|Any CPU.ActiveCfg = Release|Any CPU
		{33231722-D516-4EF2-9F4A-9A6EF7357C5C}.Release|Any CPU.Build.0 = Release|Any CPU
	EndGlobalSection
	GlobalSection(SolutionProperties) = preSolution
		HideSolutionNode = FALSE
	EndGlobalSection
	GlobalSection(ExtensibilityGlobals) = postSolution
		SolutionGuid = {CF9BD58F-D000-4412-896C-FBDA5C319F33}
	EndGlobalSection
EndGlobal
